{
  "pins" : [
    {
      "identity" : "fuse-swift",
      "kind" : "remoteSourceControl",
      "location" : "https://github.com/krisk/fuse-swift.git",
      "state" : {
        "revision" : "26ba868691b2d8b7bf2b1322951eb591be70ccca",
        "version" : "1.4.0"
      }
    },
    {
      "identity" : "preview-screenshots",
      "kind" : "remoteSourceControl",
      "location" : "https://github.com/freyaariel/preview-screenshots.git",
      "state" : {
        "branch" : "main",
        "revision" : "d8c927e96474721853c49386d39e72e1df251d3e"
      }
    }
  ],
  "version" : 2
}
