{
  "object": {
    "pins": [
      {
        "package": "previews-capture",
        "repositoryURL": "https://github.com/freyaariel/previews-capture.git",
        "state": {
          "branch": "main",
          "revision": "852f7c676a21065a761483b3e9918b5318863050",
          "version": null
        }
      }
    ]
  },
  "version": 1
}
