// !$*UTF8*$!
{
	archiveVersion = 1;
	classes = {
	};
	objectVersion = 55;
	objects = {

/* Begin PBXBuildFile section */
		3B65DD75299C84DE00F08583 /* FilterUI in Frameworks */ = {isa = PBXBuildFile; productRef = 3B65DD71299C84DE00F08583 /* FilterUI */; };
		3B65DD7D299C855500F08583 /* FilterUIScreenshots.swift in Sources */ = {isa = PBXBuildFile; fileRef = 3B65DD7C299C855500F08583 /* FilterUIScreenshots.swift */; };
		3BDD452728213E38003D77E3 /* FilterUIExampleApp.swift in Sources */ = {isa = PBXBuildFile; fileRef = 3BDD452628213E38003D77E3 /* FilterUIExampleApp.swift */; };
		3BDD453A28213EC9003D77E3 /* FilterUI in Frameworks */ = {isa = PBXBuildFile; productRef = 3BDD453928213EC9003D77E3 /* FilterUI */; };
/* End PBXBuildFile section */

/* Begin PBXFileReference section */
		3B65DD7B299C84DE00F08583 /* FilterUIScreenshots.app */ = {isa = PBXFileReference; explicitFileType = wrapper.application; includeInIndex = 0; path = FilterUIScreenshots.app; sourceTree = BUILT_PRODUCTS_DIR; };
		3B65DD7C299C855500F08583 /* FilterUIScreenshots.swift */ = {isa = PBXFileReference; lastKnownFileType = sourcecode.swift; path = FilterUIScreenshots.swift; sourceTree = "<group>"; };
		3BDD452328213E38003D77E3 /* FilterUIExample.app */ = {isa = PBXFileReference; explicitFileType = wrapper.application; includeInIndex = 0; path = FilterUIExample.app; sourceTree = BUILT_PRODUCTS_DIR; };
		3BDD452628213E38003D77E3 /* FilterUIExampleApp.swift */ = {isa = PBXFileReference; lastKnownFileType = sourcecode.swift; path = FilterUIExampleApp.swift; sourceTree = "<group>"; };
		3BDD453628213E90003D77E3 /* filter-ui */ = {isa = PBXFileReference; lastKnownFileType = wrapper; name = "filter-ui"; path = ..; sourceTree = "<group>"; };
/* End PBXFileReference section */

/* Begin PBXFrameworksBuildPhase section */
		3B65DD74299C84DE00F08583 /* Frameworks */ = {
			isa = PBXFrameworksBuildPhase;
			buildActionMask = 2147483647;
			files = (
				3B65DD75299C84DE00F08583 /* FilterUI in Frameworks */,
			);
			runOnlyForDeploymentPostprocessing = 0;
		};
		3BDD452028213E38003D77E3 /* Frameworks */ = {
			isa = PBXFrameworksBuildPhase;
			buildActionMask = 2147483647;
			files = (
				3BDD453A28213EC9003D77E3 /* FilterUI in Frameworks */,
			);
			runOnlyForDeploymentPostprocessing = 0;
		};
/* End PBXFrameworksBuildPhase section */

/* Begin PBXGroup section */
		3BDD451A28213E38003D77E3 = {
			isa = PBXGroup;
			children = (
				3BDD452628213E38003D77E3 /* FilterUIExampleApp.swift */,
				3B65DD7C299C855500F08583 /* FilterUIScreenshots.swift */,
				3BDD453528213E90003D77E3 /* Packages */,
				3BDD452428213E38003D77E3 /* Products */,
			);
			sourceTree = "<group>";
		};
		3BDD452428213E38003D77E3 /* Products */ = {
			isa = PBXGroup;
			children = (
				3BDD452328213E38003D77E3 /* FilterUIExample.app */,
				3B65DD7B299C84DE00F08583 /* FilterUIScreenshots.app */,
			);
			name = Products;
			sourceTree = "<group>";
		};
		3BDD453528213E90003D77E3 /* Packages */ = {
			isa = PBXGroup;
			children = (
				3BDD453628213E90003D77E3 /* filter-ui */,
			);
			name = Packages;
			sourceTree = "<group>";
		};
/* End PBXGroup section */

/* Begin PBXNativeTarget section */
		3B65DD6F299C84DE00F08583 /* FilterUIScreenshots */ = {
			isa = PBXNativeTarget;
			buildConfigurationList = 3B65DD78299C84DE00F08583 /* Build configuration list for PBXNativeTarget "FilterUIScreenshots" */;
			buildPhases = (
				3B65DD72299C84DE00F08583 /* Sources */,
				3B65DD74299C84DE00F08583 /* Frameworks */,
				3B65DD76299C84DE00F08583 /* Resources */,
			);
			buildRules = (
			);
			dependencies = (
				3B65DD70299C84DE00F08583 /* PBXTargetDependency */,
			);
			name = FilterUIScreenshots;
			packageProductDependencies = (
				3B65DD71299C84DE00F08583 /* FilterUI */,
			);
			productName = FilterUIExample;
			productReference = 3B65DD7B299C84DE00F08583 /* FilterUIScreenshots.app */;
			productType = "com.apple.product-type.application";
		};
		3BDD452228213E38003D77E3 /* FilterUIExample */ = {
			isa = PBXNativeTarget;
			buildConfigurationList = 3BDD453228213E3A003D77E3 /* Build configuration list for PBXNativeTarget "FilterUIExample" */;
			buildPhases = (
				3BDD451F28213E38003D77E3 /* Sources */,
				3BDD452028213E38003D77E3 /* Frameworks */,
				3BDD452128213E38003D77E3 /* Resources */,
			);
			buildRules = (
			);
			dependencies = (
				3BB9AF512836FCD800470721 /* PBXTargetDependency */,
			);
			name = FilterUIExample;
			packageProductDependencies = (
				3BDD453928213EC9003D77E3 /* FilterUI */,
			);
			productName = FilterUIExample;
			productReference = 3BDD452328213E38003D77E3 /* FilterUIExample.app */;
			productType = "com.apple.product-type.application";
		};
/* End PBXNativeTarget section */

/* Begin PBXProject section */
		3BDD451B28213E38003D77E3 /* Project object */ = {
			isa = PBXProject;
			attributes = {
				BuildIndependentTargetsInParallel = 1;
				LastSwiftUpdateCheck = 1330;
				LastUpgradeCheck = 1330;
				TargetAttributes = {
					3BDD452228213E38003D77E3 = {
						CreatedOnToolsVersion = 13.3.1;
					};
				};
			};
			buildConfigurationList = 3BDD451E28213E38003D77E3 /* Build configuration list for PBXProject "FilterUIExample" */;
			compatibilityVersion = "Xcode 13.0";
			developmentRegion = en;
			hasScannedForEncodings = 0;
			knownRegions = (
				en,
				Base,
				da,
			);
			mainGroup = 3BDD451A28213E38003D77E3;
			productRefGroup = 3BDD452428213E38003D77E3 /* Products */;
			projectDirPath = "";
			projectRoot = "";
			targets = (
				3BDD452228213E38003D77E3 /* FilterUIExample */,
				3B65DD6F299C84DE00F08583 /* FilterUIScreenshots */,
			);
		};
/* End PBXProject section */

/* Begin PBXResourcesBuildPhase section */
		3B65DD76299C84DE00F08583 /* Resources */ = {
			isa = PBXResourcesBuildPhase;
			buildActionMask = 2147483647;
			files = (
			);
			runOnlyForDeploymentPostprocessing = 0;
		};
		3BDD452128213E38003D77E3 /* Resources */ = {
			isa = PBXResourcesBuildPhase;
			buildActionMask = 2147483647;
			files = (
			);
			runOnlyForDeploymentPostprocessing = 0;
		};
/* End PBXResourcesBuildPhase section */

/* Begin PBXSourcesBuildPhase section */
		3B65DD72299C84DE00F08583 /* Sources */ = {
			isa = PBXSourcesBuildPhase;
			buildActionMask = 2147483647;
			files = (
				3B65DD7D299C855500F08583 /* FilterUIScreenshots.swift in Sources */,
			);
			runOnlyForDeploymentPostprocessing = 0;
		};
		3BDD451F28213E38003D77E3 /* Sources */ = {
			isa = PBXSourcesBuildPhase;
			buildActionMask = 2147483647;
			files = (
				3BDD452728213E38003D77E3 /* FilterUIExampleApp.swift in Sources */,
			);
			runOnlyForDeploymentPostprocessing = 0;
		};
/* End PBXSourcesBuildPhase section */

/* Begin PBXTargetDependency section */
		3B65DD70299C84DE00F08583 /* PBXTargetDependency */ = {
			isa = PBXTargetDependency;
			productRef = 3BB9AF502836FCD800470721 /* FilterUI */;
		};
		3BB9AF512836FCD800470721 /* PBXTargetDependency */ = {
			isa = PBXTargetDependency;
			productRef = 3BB9AF502836FCD800470721 /* FilterUI */;
		};
/* End PBXTargetDependency section */

/* Begin XCBuildConfiguration section */
		3B65DD79299C84DE00F08583 /* Debug */ = {
			isa = XCBuildConfiguration;
			buildSettings = {
				CODE_SIGN_IDENTITY = "Apple Development";
				"CODE_SIGN_IDENTITY[sdk=macosx*]" = "-";
				CODE_SIGN_STYLE = Automatic;
				COMBINE_HIDPI_IMAGES = YES;
				CURRENT_PROJECT_VERSION = 1;
				DEVELOPMENT_TEAM = "";
				ENABLE_PREVIEWS = YES;
				GENERATE_INFOPLIST_FILE = YES;
				INFOPLIST_KEY_NSHumanReadableCopyright = "";
				LD_RUNPATH_SEARCH_PATHS = (
					"$(inherited)",
					"@executable_path/../Frameworks",
				);
				MARKETING_VERSION = 1.0;
				PRODUCT_BUNDLE_IDENTIFIER = local.FilterUIExample;
				PRODUCT_NAME = "$(TARGET_NAME)";
				PROVISIONING_PROFILE_SPECIFIER = "";
				SWIFT_EMIT_LOC_STRINGS = YES;
				SWIFT_VERSION = 5.0;
			};
			name = Debug;
		};
		3B65DD7A299C84DE00F08583 /* Release */ = {
			isa = XCBuildConfiguration;
			buildSettings = {
				CODE_SIGN_IDENTITY = "Apple Development";
				"CODE_SIGN_IDENTITY[sdk=macosx*]" = "-";
				CODE_SIGN_STYLE = Automatic;
				COMBINE_HIDPI_IMAGES = YES;
				CURRENT_PROJECT_VERSION = 1;
				DEVELOPMENT_TEAM = "";
				ENABLE_PREVIEWS = YES;
				GENERATE_INFOPLIST_FILE = YES;
				INFOPLIST_KEY_NSHumanReadableCopyright = "";
				LD_RUNPATH_SEARCH_PATHS = (
					"$(inherited)",
					"@executable_path/../Frameworks",
				);
				MARKETING_VERSION = 1.0;
				PRODUCT_BUNDLE_IDENTIFIER = local.FilterUIExample;
				PRODUCT_NAME = "$(TARGET_NAME)";
				PROVISIONING_PROFILE_SPECIFIER = "";
				SWIFT_EMIT_LOC_STRINGS = YES;
				SWIFT_VERSION = 5.0;
			};
			name = Release;
		};
		3BDD453028213E3A003D77E3 /* Debug */ = {
			isa = XCBuildConfiguration;
			buildSettings = {
				ALWAYS_SEARCH_USER_PATHS = NO;
				CLANG_ANALYZER_NONNULL = YES;
				CLANG_ANALYZER_NUMBER_OBJECT_CONVERSION = YES_AGGRESSIVE;
				CLANG_CXX_LANGUAGE_STANDARD = "gnu++17";
				CLANG_ENABLE_MODULES = YES;
				CLANG_ENABLE_OBJC_ARC = YES;
				CLANG_ENABLE_OBJC_WEAK = YES;
				CLANG_WARN_BLOCK_CAPTURE_AUTORELEASING = YES;
				CLANG_WARN_BOOL_CONVERSION = YES;
				CLANG_WARN_COMMA = YES;
				CLANG_WARN_CONSTANT_CONVERSION = YES;
				CLANG_WARN_DEPRECATED_OBJC_IMPLEMENTATIONS = YES;
				CLANG_WARN_DIRECT_OBJC_ISA_USAGE = YES_ERROR;
				CLANG_WARN_DOCUMENTATION_COMMENTS = YES;
				CLANG_WARN_EMPTY_BODY = YES;
				CLANG_WARN_ENUM_CONVERSION = YES;
				CLANG_WARN_INFINITE_RECURSION = YES;
				CLANG_WARN_INT_CONVERSION = YES;
				CLANG_WARN_NON_LITERAL_NULL_CONVERSION = YES;
				CLANG_WARN_OBJC_IMPLICIT_RETAIN_SELF = YES;
				CLANG_WARN_OBJC_LITERAL_CONVERSION = YES;
				CLANG_WARN_OBJC_ROOT_CLASS = YES_ERROR;
				CLANG_WARN_QUOTED_INCLUDE_IN_FRAMEWORK_HEADER = YES;
				CLANG_WARN_RANGE_LOOP_ANALYSIS = YES;
				CLANG_WARN_STRICT_PROTOTYPES = YES;
				CLANG_WARN_SUSPICIOUS_MOVE = YES;
				CLANG_WARN_UNGUARDED_AVAILABILITY = YES_AGGRESSIVE;
				CLANG_WARN_UNREACHABLE_CODE = YES;
				CLANG_WARN__DUPLICATE_METHOD_MATCH = YES;
				COPY_PHASE_STRIP = NO;
				DEBUG_INFORMATION_FORMAT = dwarf;
				ENABLE_STRICT_OBJC_MSGSEND = YES;
				ENABLE_TESTABILITY = YES;
				GCC_C_LANGUAGE_STANDARD = gnu11;
				GCC_DYNAMIC_NO_PIC = NO;
				GCC_NO_COMMON_BLOCKS = YES;
				GCC_OPTIMIZATION_LEVEL = 0;
				GCC_PREPROCESSOR_DEFINITIONS = (
					"DEBUG=1",
					"$(inherited)",
				);
				GCC_WARN_64_TO_32_BIT_CONVERSION = YES;
				GCC_WARN_ABOUT_RETURN_TYPE = YES_ERROR;
				GCC_WARN_UNDECLARED_SELECTOR = YES;
				GCC_WARN_UNINITIALIZED_AUTOS = YES_AGGRESSIVE;
				GCC_WARN_UNUSED_FUNCTION = YES;
				GCC_WARN_UNUSED_VARIABLE = YES;
				MACOSX_DEPLOYMENT_TARGET = 12.0;
				MTL_ENABLE_DEBUG_INFO = INCLUDE_SOURCE;
				MTL_FAST_MATH = YES;
				ONLY_ACTIVE_ARCH = YES;
				SDKROOT = macosx;
				SWIFT_ACTIVE_COMPILATION_CONDITIONS = DEBUG;
				SWIFT_OPTIMIZATION_LEVEL = "-Onone";
			};
			name = Debug;
		};
		3BDD453128213E3A003D77E3 /* Release */ = {
			isa = XCBuildConfiguration;
			buildSettings = {
				ALWAYS_SEARCH_USER_PATHS = NO;
				CLANG_ANALYZER_NONNULL = YES;
				CLANG_ANALYZER_NUMBER_OBJECT_CONVERSION = YES_AGGRESSIVE;
				CLANG_CXX_LANGUAGE_STANDARD = "gnu++17";
				CLANG_ENABLE_MODULES = YES;
				CLANG_ENABLE_OBJC_ARC = YES;
				CLANG_ENABLE_OBJC_WEAK = YES;
				CLANG_WARN_BLOCK_CAPTURE_AUTORELEASING = YES;
				CLANG_WARN_BOOL_CONVERSION = YES;
				CLANG_WARN_COMMA = YES;
				CLANG_WARN_CONSTANT_CONVERSION = YES;
				CLANG_WARN_DEPRECATED_OBJC_IMPLEMENTATIONS = YES;
				CLANG_WARN_DIRECT_OBJC_ISA_USAGE = YES_ERROR;
				CLANG_WARN_DOCUMENTATION_COMMENTS = YES;
				CLANG_WARN_EMPTY_BODY = YES;
				CLANG_WARN_ENUM_CONVERSION = YES;
				CLANG_WARN_INFINITE_RECURSION = YES;
				CLANG_WARN_INT_CONVERSION = YES;
				CLANG_WARN_NON_LITERAL_NULL_CONVERSION = YES;
				CLANG_WARN_OBJC_IMPLICIT_RETAIN_SELF = YES;
				CLANG_WARN_OBJC_LITERAL_CONVERSION = YES;
				CLANG_WARN_OBJC_ROOT_CLASS = YES_ERROR;
				CLANG_WARN_QUOTED_INCLUDE_IN_FRAMEWORK_HEADER = YES;
				CLANG_WARN_RANGE_LOOP_ANALYSIS = YES;
				CLANG_WARN_STRICT_PROTOTYPES = YES;
				CLANG_WARN_SUSPICIOUS_MOVE = YES;
				CLANG_WARN_UNGUARDED_AVAILABILITY = YES_AGGRESSIVE;
				CLANG_WARN_UNREACHABLE_CODE = YES;
				CLANG_WARN__DUPLICATE_METHOD_MATCH = YES;
				COPY_PHASE_STRIP = NO;
				DEBUG_INFORMATION_FORMAT = "dwarf-with-dsym";
				ENABLE_NS_ASSERTIONS = NO;
				ENABLE_STRICT_OBJC_MSGSEND = YES;
				GCC_C_LANGUAGE_STANDARD = gnu11;
				GCC_NO_COMMON_BLOCKS = YES;
				GCC_WARN_64_TO_32_BIT_CONVERSION = YES;
				GCC_WARN_ABOUT_RETURN_TYPE = YES_ERROR;
				GCC_WARN_UNDECLARED_SELECTOR = YES;
				GCC_WARN_UNINITIALIZED_AUTOS = YES_AGGRESSIVE;
				GCC_WARN_UNUSED_FUNCTION = YES;
				GCC_WARN_UNUSED_VARIABLE = YES;
				MACOSX_DEPLOYMENT_TARGET = 12.0;
				MTL_ENABLE_DEBUG_INFO = NO;
				MTL_FAST_MATH = YES;
				SDKROOT = macosx;
				SWIFT_COMPILATION_MODE = wholemodule;
				SWIFT_OPTIMIZATION_LEVEL = "-O";
			};
			name = Release;
		};
		3BDD453328213E3A003D77E3 /* Debug */ = {
			isa = XCBuildConfiguration;
			buildSettings = {
				CODE_SIGN_IDENTITY = "Apple Development";
				"CODE_SIGN_IDENTITY[sdk=macosx*]" = "-";
				CODE_SIGN_STYLE = Automatic;
				COMBINE_HIDPI_IMAGES = YES;
				CURRENT_PROJECT_VERSION = 1;
				DEVELOPMENT_TEAM = "";
				ENABLE_PREVIEWS = YES;
				GENERATE_INFOPLIST_FILE = YES;
				INFOPLIST_KEY_NSHumanReadableCopyright = "";
				LD_RUNPATH_SEARCH_PATHS = (
					"$(inherited)",
					"@executable_path/../Frameworks",
				);
				MARKETING_VERSION = 1.0;
				PRODUCT_BUNDLE_IDENTIFIER = local.FilterUIExample;
				PRODUCT_NAME = "$(TARGET_NAME)";
				PROVISIONING_PROFILE_SPECIFIER = "";
				SWIFT_EMIT_LOC_STRINGS = YES;
				SWIFT_VERSION = 5.0;
			};
			name = Debug;
		};
		3BDD453428213E3A003D77E3 /* Release */ = {
			isa = XCBuildConfiguration;
			buildSettings = {
				CODE_SIGN_IDENTITY = "Apple Development";
				"CODE_SIGN_IDENTITY[sdk=macosx*]" = "-";
				CODE_SIGN_STYLE = Automatic;
				COMBINE_HIDPI_IMAGES = YES;
				CURRENT_PROJECT_VERSION = 1;
				DEVELOPMENT_TEAM = "";
				ENABLE_PREVIEWS = YES;
				GENERATE_INFOPLIST_FILE = YES;
				INFOPLIST_KEY_NSHumanReadableCopyright = "";
				LD_RUNPATH_SEARCH_PATHS = (
					"$(inherited)",
					"@executable_path/../Frameworks",
				);
				MARKETING_VERSION = 1.0;
				PRODUCT_BUNDLE_IDENTIFIER = local.FilterUIExample;
				PRODUCT_NAME = "$(TARGET_NAME)";
				PROVISIONING_PROFILE_SPECIFIER = "";
				SWIFT_EMIT_LOC_STRINGS = YES;
				SWIFT_VERSION = 5.0;
			};
			name = Release;
		};
/* End XCBuildConfiguration section */

/* Begin XCConfigurationList section */
		3B65DD78299C84DE00F08583 /* Build configuration list for PBXNativeTarget "FilterUIScreenshots" */ = {
			isa = XCConfigurationList;
			buildConfigurations = (
				3B65DD79299C84DE00F08583 /* Debug */,
				3B65DD7A299C84DE00F08583 /* Release */,
			);
			defaultConfigurationIsVisible = 0;
			defaultConfigurationName = Release;
		};
		3BDD451E28213E38003D77E3 /* Build configuration list for PBXProject "FilterUIExample" */ = {
			isa = XCConfigurationList;
			buildConfigurations = (
				3BDD453028213E3A003D77E3 /* Debug */,
				3BDD453128213E3A003D77E3 /* Release */,
			);
			defaultConfigurationIsVisible = 0;
			defaultConfigurationName = Release;
		};
		3BDD453228213E3A003D77E3 /* Build configuration list for PBXNativeTarget "FilterUIExample" */ = {
			isa = XCConfigurationList;
			buildConfigurations = (
				3BDD453328213E3A003D77E3 /* Debug */,
				3BDD453428213E3A003D77E3 /* Release */,
			);
			defaultConfigurationIsVisible = 0;
			defaultConfigurationName = Release;
		};
/* End XCConfigurationList section */

/* Begin XCSwiftPackageProductDependency section */
		3B65DD71299C84DE00F08583 /* FilterUI */ = {
			isa = XCSwiftPackageProductDependency;
			productName = FilterUI;
		};
		3BB9AF502836FCD800470721 /* FilterUI */ = {
			isa = XCSwiftPackageProductDependency;
			productName = FilterUI;
		};
		3BDD453928213EC9003D77E3 /* FilterUI */ = {
			isa = XCSwiftPackageProductDependency;
			productName = FilterUI;
		};
/* End XCSwiftPackageProductDependency section */
	};
	rootObject = 3BDD451B28213E38003D77E3 /* Project object */;
}
